
Microsoft Visual Studio Solution File, Format Version 12.00
# Visual Studio 2015
Project("{FAE04EC0-301F-11D3-BF4B-00C04F79EFBC}") = "game2.CSharp", "game2.CSharp.csproj", "{2E7BFDDC-81B5-3907-6B9E-BAFF7697F290}"
EndProject
Project("{FAE04EC0-301F-11D3-BF4B-00C04F79EFBC}") = "game2.CSharp.Editor", "game2.CSharp.Editor.csproj", "{FBCF174F-7759-1E49-2238-C3C5A9007A9E}"
EndProject
Global
	GlobalSection(SolutionConfigurationPlatforms) = preSolution
		Debug|Any CPU = Debug|Any CPU
		Release|Any CPU = Release|Any CPU
	EndGlobalSection
	GlobalSection(ProjectConfigurationPlatforms) = postSolution
		{2E7BFDDC-81B5-3907-6B9E-BAFF7697F290}.Debug|Any CPU.ActiveCfg = Debug|Any CPU
		{2E7BFDDC-81B5-3907-6B9E-BAFF7697F290}.Debug|Any CPU.Build.0 = Debug|Any CPU
		{2E7BFDDC-81B5-3907-6B9E-BAFF7697F290}.Release|Any CPU.ActiveCfg = Release|Any CPU
		{2E7BFDDC-81B5-3907-6B9E-BAFF7697F290}.Release|Any CPU.Build.0 = Release|Any CPU
		{FBCF174F-7759-1E49-2238-C3C5A9007A9E}.Debug|Any CPU.ActiveCfg = Debug|Any CPU
		{FBCF174F-7759-1E49-2238-C3C5A9007A9E}.Debug|Any CPU.Build.0 = Debug|Any CPU
		{FBCF174F-7759-1E49-2238-C3C5A9007A9E}.Release|Any CPU.ActiveCfg = Release|Any CPU
		{FBCF174F-7759-1E49-2238-C3C5A9007A9E}.Release|Any CPU.Build.0 = Release|Any CPU
	EndGlobalSection
	GlobalSection(SolutionProperties) = preSolution
		HideSolutionNode = FALSE
	EndGlobalSection
EndGlobal
